
Microsoft Visual Studio Solution File, Format Version 12.00
# Visual Studio Version 16
VisualStudioVersion = 16.0.29215.179
MinimumVisualStudioVersion = 10.0.40219.1
Project("{FAE04EC0-301F-11D3-BF4B-00C04F79EFBC}") = "DiamalayPOS", "DiamalayPOS\DiamalayPOS.csproj", "{EDB32A82-8C49-49DB-9A06-9233C8278CA5}"
EndProject
Global
	GlobalSection(SolutionConfigurationPlatforms) = preSolution
		Debug|Any CPU = Debug|Any CPU
		Release|Any CPU = Release|Any CPU
	EndGlobalSection
	GlobalSection(ProjectConfigurationPlatforms) = postSolution
		{EDB32A82-8C49-49DB-9A06-9233C8278CA5}.Debug|Any CPU.ActiveCfg = Debug|Any CPU
		{EDB32A82-8C49-49DB-9A06-9233C8278CA5}.Debug|Any CPU.Build.0 = Debug|Any CPU
		{EDB32A82-8C49-49DB-9A06-9233C8278CA5}.Release|Any CPU.ActiveCfg = Release|Any CPU
		{EDB32A82-8C49-49DB-9A06-9233C8278CA5}.Release|Any CPU.Build.0 = Release|Any CPU
	EndGlobalSection
	GlobalSection(SolutionProperties) = preSolution
		HideSolutionNode = FALSE
	EndGlobalSection
	GlobalSection(ExtensibilityGlobals) = postSolution
		SolutionGuid = {68D4F7B4-C245-4347-9A37-93E880F4E9CE}
	EndGlobalSection
EndGlobal
